
Microsoft Visual Studio Solution File, Format Version 12.00
# Visual Studio Version 17
VisualStudioVersion = 17.12.35527.113 d17.12
MinimumVisualStudioVersion = 10.0.40219.1
Project("{9A19103F-16F7-4668-BE54-9A1E7A4F7556}") = "RayTracer.Core", "RayTracer.Core\RayTracer.Core.csproj", "{856F6D87-185C-4560-9F71-3F066BABAC63}"
EndProject
Project("{9A19103F-16F7-4668-BE54-9A1E7A4F7556}") = "RayTracer.Core.Tests", "RayTracer.Core.Tests\RayTracer.Core.Tests.csproj", "{43BDE1D9-45BF-4726-BBE8-97F5A150129F}"
EndProject
Project("{FAE04EC0-301F-11D3-BF4B-00C04F79EFBC}") = "Raytracer.Windows", "Raytracer.Windows\Raytracer.Windows.csproj", "{C4990489-A43C-4A70-A9FB-05FF40589D1C}"
EndProject
Global
	GlobalSection(SolutionConfigurationPlatforms) = preSolution
		Debug|Any CPU = Debug|Any CPU
		Release|Any CPU = Release|Any CPU
	EndGlobalSection
	GlobalSection(ProjectConfigurationPlatforms) = postSolution
		{856F6D87-185C-4560-9F71-3F066BABAC63}.Debug|Any CPU.ActiveCfg = Debug|Any CPU
		{856F6D87-185C-4560-9F71-3F066BABAC63}.Debug|Any CPU.Build.0 = Debug|Any CPU
		{856F6D87-185C-4560-9F71-3F066BABAC63}.Release|Any CPU.ActiveCfg = Release|Any CPU
		{856F6D87-185C-4560-9F71-3F066BABAC63}.Release|Any CPU.Build.0 = Release|Any CPU
		{43BDE1D9-45BF-4726-BBE8-97F5A150129F}.Debug|Any CPU.ActiveCfg = Debug|Any CPU
		{43BDE1D9-45BF-4726-BBE8-97F5A150129F}.Debug|Any CPU.Build.0 = Debug|Any CPU
		{43BDE1D9-45BF-4726-BBE8-97F5A150129F}.Release|Any CPU.ActiveCfg = Release|Any CPU
		{43BDE1D9-45BF-4726-BBE8-97F5A150129F}.Release|Any CPU.Build.0 = Release|Any CPU
		{C4990489-A43C-4A70-A9FB-05FF40589D1C}.Debug|Any CPU.ActiveCfg = Debug|Any CPU
		{C4990489-A43C-4A70-A9FB-05FF40589D1C}.Debug|Any CPU.Build.0 = Debug|Any CPU
		{C4990489-A43C-4A70-A9FB-05FF40589D1C}.Release|Any CPU.ActiveCfg = Release|Any CPU
		{C4990489-A43C-4A70-A9FB-05FF40589D1C}.Release|Any CPU.Build.0 = Release|Any CPU
	EndGlobalSection
	GlobalSection(SolutionProperties) = preSolution
		HideSolutionNode = FALSE
	EndGlobalSection
	GlobalSection(ExtensibilityGlobals) = postSolution
		SolutionGuid = {8BD05126-3070-4FEF-A01C-1295A62B7564}
	EndGlobalSection
EndGlobal
