
Microsoft Visual Studio Solution File, Format Version 12.00
# Visual Studio Version 16
VisualStudioVersion = 16.0.30621.155
MinimumVisualStudioVersion = 10.0.40219.1
Project("{9A19103F-16F7-4668-BE54-9A1E7A4F7556}") = "RayTracer.Client", "RayTracer.Client\RayTracer.Client.csproj", "{07BBCFAF-9F87-4D0F-8660-7E9C44C550F4}"
EndProject
Project("{9A19103F-16F7-4668-BE54-9A1E7A4F7556}") = "RayTracer.Core", "RayTracer.Core\RayTracer.Core.csproj", "{856F6D87-185C-4560-9F71-3F066BABAC63}"
EndProject
Global
	GlobalSection(SolutionConfigurationPlatforms) = preSolution
		Debug|Any CPU = Debug|Any CPU
		Release|Any CPU = Release|Any CPU
	EndGlobalSection
	GlobalSection(ProjectConfigurationPlatforms) = postSolution
		{07BBCFAF-9F87-4D0F-8660-7E9C44C550F4}.Debug|Any CPU.ActiveCfg = Debug|Any CPU
		{07BBCFAF-9F87-4D0F-8660-7E9C44C550F4}.Debug|Any CPU.Build.0 = Debug|Any CPU
		{07BBCFAF-9F87-4D0F-8660-7E9C44C550F4}.Release|Any CPU.ActiveCfg = Release|Any CPU
		{07BBCFAF-9F87-4D0F-8660-7E9C44C550F4}.Release|Any CPU.Build.0 = Release|Any CPU
		{856F6D87-185C-4560-9F71-3F066BABAC63}.Debug|Any CPU.ActiveCfg = Debug|Any CPU
		{856F6D87-185C-4560-9F71-3F066BABAC63}.Debug|Any CPU.Build.0 = Debug|Any CPU
		{856F6D87-185C-4560-9F71-3F066BABAC63}.Release|Any CPU.ActiveCfg = Release|Any CPU
		{856F6D87-185C-4560-9F71-3F066BABAC63}.Release|Any CPU.Build.0 = Release|Any CPU
	EndGlobalSection
	GlobalSection(SolutionProperties) = preSolution
		HideSolutionNode = FALSE
	EndGlobalSection
	GlobalSection(ExtensibilityGlobals) = postSolution
		SolutionGuid = {8BD05126-3070-4FEF-A01C-1295A62B7564}
	EndGlobalSection
EndGlobal
